
Microsoft Visual Studio Solution File, Format Version 12.00
# Visual Studio 14
VisualStudioVersion = 14.0.25420.1
MinimumVisualStudioVersion = 10.0.40219.1
Project("{8BC9CEB8-8B4A-11D0-8D11-00A0C91BC942}") = "PatchCleaner", "patch_cleaner\PatchCleaner.vcxproj", "{88D8D9BA-B648-41A1-B294-AC9BC85A610E}"
EndProject
Project("{8BC9CEB8-8B4A-11D0-8D11-00A0C91BC942}") = "libchromium", "third_party\libchromium\libchromium.vcxproj", "{1829AF5E-EBFB-461D-A756-C84D6EAD19A5}"
EndProject
Global
	GlobalSection(SolutionConfigurationPlatforms) = preSolution
		Debug|x64 = Debug|x64
		Debug|x86 = Debug|x86
		Release|x64 = Release|x64
		Release|x86 = Release|x86
	EndGlobalSection
	GlobalSection(ProjectConfigurationPlatforms) = postSolution
		{88D8D9BA-B648-41A1-B294-AC9BC85A610E}.Debug|x64.ActiveCfg = Debug|x64
		{88D8D9BA-B648-41A1-B294-AC9BC85A610E}.Debug|x64.Build.0 = Debug|x64
		{88D8D9BA-B648-41A1-B294-AC9BC85A610E}.Debug|x86.ActiveCfg = Debug|Win32
		{88D8D9BA-B648-41A1-B294-AC9BC85A610E}.Debug|x86.Build.0 = Debug|Win32
		{88D8D9BA-B648-41A1-B294-AC9BC85A610E}.Release|x64.ActiveCfg = Release|x64
		{88D8D9BA-B648-41A1-B294-AC9BC85A610E}.Release|x64.Build.0 = Release|x64
		{88D8D9BA-B648-41A1-B294-AC9BC85A610E}.Release|x86.ActiveCfg = Release|Win32
		{88D8D9BA-B648-41A1-B294-AC9BC85A610E}.Release|x86.Build.0 = Release|Win32
		{1829AF5E-EBFB-461D-A756-C84D6EAD19A5}.Debug|x64.ActiveCfg = Debug|x64
		{1829AF5E-EBFB-461D-A756-C84D6EAD19A5}.Debug|x64.Build.0 = Debug|x64
		{1829AF5E-EBFB-461D-A756-C84D6EAD19A5}.Debug|x86.ActiveCfg = Debug|Win32
		{1829AF5E-EBFB-461D-A756-C84D6EAD19A5}.Debug|x86.Build.0 = Debug|Win32
		{1829AF5E-EBFB-461D-A756-C84D6EAD19A5}.Release|x64.ActiveCfg = Release|x64
		{1829AF5E-EBFB-461D-A756-C84D6EAD19A5}.Release|x64.Build.0 = Release|x64
		{1829AF5E-EBFB-461D-A756-C84D6EAD19A5}.Release|x86.ActiveCfg = Release|Win32
		{1829AF5E-EBFB-461D-A756-C84D6EAD19A5}.Release|x86.Build.0 = Release|Win32
	EndGlobalSection
	GlobalSection(SolutionProperties) = preSolution
		HideSolutionNode = FALSE
	EndGlobalSection
EndGlobal
